
Microsoft Visual Studio Solution File, Format Version 12.00
# Visual Studio Version 16
VisualStudioVersion = 16.0.29613.14
MinimumVisualStudioVersion = 10.0.40219.1
Project("{9A19103F-16F7-4668-BE54-9A1E7A4F7556}") = "a2-s3673712-s3719368", "a2-s3673712-s3719368\a2-s3673712-s3719368.csproj", "{E2D34791-FA2B-4407-AB30-2890897CF524}"
EndProject
Project("{FAE04EC0-301F-11D3-BF4B-00C04F79EFBC}") = "WebBankApi", "WebBankApi\WebBankApi.csproj", "{D2972FF9-71F2-448A-A2E8-5E628AA4CAB4}"
EndProject
Global
	GlobalSection(SolutionConfigurationPlatforms) = preSolution
		Debug|Any CPU = Debug|Any CPU
		Release|Any CPU = Release|Any CPU
	EndGlobalSection
	GlobalSection(ProjectConfigurationPlatforms) = postSolution
		{E2D34791-FA2B-4407-AB30-2890897CF524}.Debug|Any CPU.ActiveCfg = Debug|Any CPU
		{E2D34791-FA2B-4407-AB30-2890897CF524}.Debug|Any CPU.Build.0 = Debug|Any CPU
		{E2D34791-FA2B-4407-AB30-2890897CF524}.Release|Any CPU.ActiveCfg = Release|Any CPU
		{E2D34791-FA2B-4407-AB30-2890897CF524}.Release|Any CPU.Build.0 = Release|Any CPU
		{D2972FF9-71F2-448A-A2E8-5E628AA4CAB4}.Debug|Any CPU.ActiveCfg = Debug|Any CPU
		{D2972FF9-71F2-448A-A2E8-5E628AA4CAB4}.Debug|Any CPU.Build.0 = Debug|Any CPU
		{D2972FF9-71F2-448A-A2E8-5E628AA4CAB4}.Release|Any CPU.ActiveCfg = Release|Any CPU
		{D2972FF9-71F2-448A-A2E8-5E628AA4CAB4}.Release|Any CPU.Build.0 = Release|Any CPU
	EndGlobalSection
	GlobalSection(SolutionProperties) = preSolution
		HideSolutionNode = FALSE
	EndGlobalSection
	GlobalSection(ExtensibilityGlobals) = postSolution
		SolutionGuid = {16637D96-9C1C-41B5-8C29-B871DBA055F1}
	EndGlobalSection
EndGlobal
